
Microsoft Visual Studio Solution File, Format Version 12.00
# Visual Studio Version 17
VisualStudioVersion = 17.5.33103.201
MinimumVisualStudioVersion = 10.0.40219.1
Project("{FAE04EC0-301F-11D3-BF4B-00C04F79EFBC}") = "simple2dSharp", "simple2dSharp.csproj", "{7BBCFF8E-55D0-4C92-A3E7-5C234F416903}"
EndProject
Global
	GlobalSection(SolutionConfigurationPlatforms) = preSolution
		Debug|Any CPU = Debug|Any CPU
		Release|Any CPU = Release|Any CPU
	EndGlobalSection
	GlobalSection(ProjectConfigurationPlatforms) = postSolution
		{7BBCFF8E-55D0-4C92-A3E7-5C234F416903}.Debug|Any CPU.ActiveCfg = Debug|Any CPU
		{7BBCFF8E-55D0-4C92-A3E7-5C234F416903}.Debug|Any CPU.Build.0 = Debug|Any CPU
		{7BBCFF8E-55D0-4C92-A3E7-5C234F416903}.Release|Any CPU.ActiveCfg = Release|Any CPU
		{7BBCFF8E-55D0-4C92-A3E7-5C234F416903}.Release|Any CPU.Build.0 = Release|Any CPU
	EndGlobalSection
	GlobalSection(SolutionProperties) = preSolution
		HideSolutionNode = FALSE
	EndGlobalSection
	GlobalSection(ExtensibilityGlobals) = postSolution
		SolutionGuid = {8BC32D00-AE57-4268-9314-14474B96E933}
	EndGlobalSection
EndGlobal
